
Microsoft Visual Studio Solution File, Format Version 12.00
# Visual Studio Version 16
VisualStudioVersion = 16.0.29209.152
MinimumVisualStudioVersion = 10.0.40219.1
Project("{FAE04EC0-301F-11D3-BF4B-00C04F79EFBC}") = "BlazorStateManagement", "BlazorStateMeanagement\BlazorStateManagement.csproj", "{9792B9B2-6BAF-48BB-B1B7-BB2640E38512}"
EndProject
Global
	GlobalSection(SolutionConfigurationPlatforms) = preSolution
		Debug|Any CPU = Debug|Any CPU
		Release|Any CPU = Release|Any CPU
	EndGlobalSection
	GlobalSection(ProjectConfigurationPlatforms) = postSolution
		{9792B9B2-6BAF-48BB-B1B7-BB2640E38512}.Debug|Any CPU.ActiveCfg = Debug|Any CPU
		{9792B9B2-6BAF-48BB-B1B7-BB2640E38512}.Debug|Any CPU.Build.0 = Debug|Any CPU
		{9792B9B2-6BAF-48BB-B1B7-BB2640E38512}.Release|Any CPU.ActiveCfg = Release|Any CPU
		{9792B9B2-6BAF-48BB-B1B7-BB2640E38512}.Release|Any CPU.Build.0 = Release|Any CPU
	EndGlobalSection
	GlobalSection(SolutionProperties) = preSolution
		HideSolutionNode = FALSE
	EndGlobalSection
	GlobalSection(ExtensibilityGlobals) = postSolution
		SolutionGuid = {54E0DD2A-AF20-4A16-99E9-72846ED385AA}
	EndGlobalSection
EndGlobal
